# Generated by pub
# See https://dart.dev/tools/pub/glossary#lockfile
packages:
  _fe_analyzer_shared:
    dependency: transitive
    description:
      name: _fe_analyzer_shared
      sha256: ae92f5d747aee634b87f89d9946000c2de774be1d6ac3e58268224348cd0101a
      url: "https://pub.dev"
    source: hosted
    version: "61.0.0"
  analyzer:
    dependency: transitive
    description:
      name: analyzer
      sha256: ea3d8652bda62982addfd92fdc2d0214e5f82e43325104990d4f4c4a2a313562
      url: "https://pub.dev"
    source: hosted
    version: "5.13.0"
  analyzer_plugin:
    dependency: transitive
    description:
      name: analyzer_plugin
      sha256: c1d5f167683de03d5ab6c3b53fc9aeefc5d59476e7810ba7bbddff50c6f4392d
      url: "https://pub.dev"
    source: hosted
    version: "0.11.2"
  ansicolor:
    dependency: transitive
    description:
      name: ansicolor
      sha256: "607f8fa9786f392043f169898923e6c59b4518242b68b8862eb8a8b7d9c30b4a"
      url: "https://pub.dev"
    source: hosted
    version: "2.0.1"
  args:
    dependency: transitive
    description:
      name: args
      sha256: eef6c46b622e0494a36c5a12d10d77fb4e855501a91c1b9ef9339326e58f0596
      url: "https://pub.dev"
    source: hosted
    version: "2.4.2"
  async:
    dependency: transitive
    description:
      name: async
      sha256: "947bfcf187f74dbc5e146c9eb9c0f10c9f8b30743e341481c1e2ed3ecc18c20c"
      url: "https://pub.dev"
    source: hosted
    version: "2.11.0"
  auto_size_text:
    dependency: "direct main"
    description:
      name: auto_size_text
      sha256: "3f5261cd3fb5f2a9ab4e2fc3fba84fd9fcaac8821f20a1d4e71f557521b22599"
      url: "https://pub.dev"
    source: hosted
    version: "3.0.0"
  cached_network_image:
    dependency: "direct main"
    description:
      name: cached_network_image
      sha256: f98972704692ba679db144261172a8e20feb145636c617af0eb4022132a6797f
      url: "https://pub.dev"
    source: hosted
    version: "3.3.0"
  cached_network_image_platform_interface:
    dependency: transitive
    description:
      name: cached_network_image_platform_interface
      sha256: "56aa42a7a01e3c9db8456d9f3f999931f1e05535b5a424271e9a38cabf066613"
      url: "https://pub.dev"
    source: hosted
    version: "3.0.0"
  cached_network_image_web:
    dependency: transitive
    description:
      name: cached_network_image_web
      sha256: "759b9a9f8f6ccbb66c185df805fac107f05730b1dab9c64626d1008cca532257"
      url: "https://pub.dev"
    source: hosted
    version: "1.1.0"
  characters:
    dependency: transitive
    description:
      name: characters
      sha256: "04a925763edad70e8443c99234dc3328f442e811f1d8fd1a72f1c8ad0f69a605"
      url: "https://pub.dev"
    source: hosted
    version: "1.3.0"
  clock:
    dependency: transitive
    description:
      name: clock
      sha256: cb6d7f03e1de671e34607e909a7213e31d7752be4fb66a86d29fe1eb14bfb5cf
      url: "https://pub.dev"
    source: hosted
    version: "1.1.1"
  collection:
    dependency: transitive
    description:
      name: collection
      sha256: ee67cb0715911d28db6bf4af1026078bd6f0128b07a5f66fb2ed94ec6783c09a
      url: "https://pub.dev"
    source: hosted
    version: "1.18.0"
  convert:
    dependency: transitive
    description:
      name: convert
      sha256: "0f08b14755d163f6e2134cb58222dd25ea2a2ee8a195e53983d57c075324d592"
      url: "https://pub.dev"
    source: hosted
    version: "3.1.1"
  crypto:
    dependency: transitive
    description:
      name: crypto
      sha256: ff625774173754681d66daaf4a448684fb04b78f902da9cb3d308c19cc5e8bab
      url: "https://pub.dev"
    source: hosted
    version: "3.0.3"
  csslib:
    dependency: transitive
    description:
      name: csslib
      sha256: "706b5707578e0c1b4b7550f64078f0a0f19dec3f50a178ffae7006b0a9ca58fb"
      url: "https://pub.dev"
    source: hosted
    version: "1.0.0"
  dart_code_metrics:
    dependency: "direct dev"
    description:
      name: dart_code_metrics
      sha256: "3dede3f7abc077a4181ec7445448a289a9ce08e2981e6a4d49a3fb5099d47e1f"
      url: "https://pub.dev"
    source: hosted
    version: "5.7.6"
  dart_code_metrics_presets:
    dependency: transitive
    description:
      name: dart_code_metrics_presets
      sha256: b71eadf02a3787ebd5c887623f83f6fdc204d45c75a081bd636c4104b3fd8b73
      url: "https://pub.dev"
    source: hosted
    version: "1.8.0"
  dart_style:
    dependency: transitive
    description:
      name: dart_style
      sha256: f4f1f73ab3fd2afcbcca165ee601fe980d966af6a21b5970c6c9376955c528ad
      url: "https://pub.dev"
    source: hosted
    version: "2.3.1"
  expandable:
    dependency: "direct main"
    description:
      name: expandable
      sha256: "9604d612d4d1146dafa96c6d8eec9c2ff0994658d6d09fed720ab788c7f5afc2"
      url: "https://pub.dev"
    source: hosted
    version: "5.0.1"
  ffi:
    dependency: transitive
    description:
      name: ffi
      sha256: ed5337a5660c506388a9f012be0288fb38b49020ce2b45fe1f8b8323fe429f99
      url: "https://pub.dev"
    source: hosted
    version: "2.0.2"
  file:
    dependency: transitive
    description:
      name: file
      sha256: "1b92bec4fc2a72f59a8e15af5f52cd441e4a7860b49499d69dfa817af20e925d"
      url: "https://pub.dev"
    source: hosted
    version: "6.1.4"
  flutter:
    dependency: "direct main"
    description: flutter
    source: sdk
    version: "0.0.0"
  flutter_cache_manager:
    dependency: transitive
    description:
      name: flutter_cache_manager
      sha256: "8207f27539deb83732fdda03e259349046a39a4c767269285f449ade355d54ba"
      url: "https://pub.dev"
    source: hosted
    version: "3.3.1"
  flutter_lints:
    dependency: "direct dev"
    description:
      name: flutter_lints
      sha256: e2a421b7e59244faef694ba7b30562e489c2b489866e505074eb005cd7060db7
      url: "https://pub.dev"
    source: hosted
    version: "3.0.1"
  flutter_localizations:
    dependency: "direct main"
    description: flutter
    source: sdk
    version: "0.0.0"
  flutter_web_plugins:
    dependency: "direct main"
    description: flutter
    source: sdk
    version: "0.0.0"
  glob:
    dependency: transitive
    description:
      name: glob
      sha256: "0e7014b3b7d4dac1ca4d6114f82bf1782ee86745b9b42a92c9289c23d8a0ab63"
      url: "https://pub.dev"
    source: hosted
    version: "2.1.2"
  graphs:
    dependency: transitive
    description:
      name: graphs
      sha256: aedc5a15e78fc65a6e23bcd927f24c64dd995062bcd1ca6eda65a3cff92a4d19
      url: "https://pub.dev"
    source: hosted
    version: "2.3.1"
  html:
    dependency: transitive
    description:
      name: html
      sha256: "3a7812d5bcd2894edf53dfaf8cd640876cf6cef50a8f238745c8b8120ea74d3a"
      url: "https://pub.dev"
    source: hosted
    version: "0.15.4"
  http:
    dependency: transitive
    description:
      name: http
      sha256: "5895291c13fa8a3bd82e76d5627f69e0d85ca6a30dcac95c4ea19a5d555879c2"
      url: "https://pub.dev"
    source: hosted
    version: "0.13.6"
  http_parser:
    dependency: transitive
    description:
      name: http_parser
      sha256: "2aa08ce0341cc9b354a498388e30986515406668dbcc4f7c950c3e715496693b"
      url: "https://pub.dev"
    source: hosted
    version: "4.0.2"
  intl:
    dependency: transitive
    description:
      name: intl
      sha256: "3bc132a9dbce73a7e4a21a17d06e1878839ffbf975568bc875c60537824b0c4d"
      url: "https://pub.dev"
    source: hosted
    version: "0.18.1"
  json_annotation:
    dependency: transitive
    description:
      name: json_annotation
      sha256: b10a7b2ff83d83c777edba3c6a0f97045ddadd56c944e1a23a3fdf43a1bf4467
      url: "https://pub.dev"
    source: hosted
    version: "4.8.1"
  latlng:
    dependency: transitive
    description:
      name: latlng
      sha256: cbc68be333d6dd4a152190066d0987737a6f04f0e31e670c31bf8cc7219c3a96
      url: "https://pub.dev"
    source: hosted
    version: "1.0.0"
  linter:
    dependency: "direct dev"
    description:
      name: linter
      sha256: "7122698425207454cff723100d9ed4a0209a6fad3c928b304d53a6b674742513"
      url: "https://pub.dev"
    source: hosted
    version: "1.30.0"
  lints:
    dependency: transitive
    description:
      name: lints
      sha256: cbf8d4b858bb0134ef3ef87841abdf8d63bfc255c266b7bf6b39daa1085c4290
      url: "https://pub.dev"
    source: hosted
    version: "3.0.0"
  map:
    dependency: "direct main"
    description:
      name: map
      sha256: dc1975a42304a91b4ab3fc7f064f554f18be0fbefb5bcd4ae95d1c087508a893
      url: "https://pub.dev"
    source: hosted
    version: "1.4.2"
  material_color_utilities:
    dependency: transitive
    description:
      name: material_color_utilities
      sha256: "9528f2f296073ff54cb9fee677df673ace1218163c3bc7628093e7eed5203d41"
      url: "https://pub.dev"
    source: hosted
    version: "0.5.0"
  meta:
    dependency: transitive
    description:
      name: meta
      sha256: a6e590c838b18133bb482a2745ad77c5bb7715fb0451209e1a7567d416678b8e
      url: "https://pub.dev"
    source: hosted
    version: "1.10.0"
  octo_image:
    dependency: transitive
    description:
      name: octo_image
      sha256: "45b40f99622f11901238e18d48f5f12ea36426d8eced9f4cbf58479c7aa2430d"
      url: "https://pub.dev"
    source: hosted
    version: "2.0.0"
  package_config:
    dependency: transitive
    description:
      name: package_config
      sha256: "1c5b77ccc91e4823a5af61ee74e6b972db1ef98c2ff5a18d3161c982a55448bd"
      url: "https://pub.dev"
    source: hosted
    version: "2.1.0"
  path:
    dependency: transitive
    description:
      name: path
      sha256: "8829d8a55c13fc0e37127c29fedf290c102f4e40ae94ada574091fe0ff96c917"
      url: "https://pub.dev"
    source: hosted
    version: "1.8.3"
  path_provider:
    dependency: transitive
    description:
      name: path_provider
      sha256: "3087813781ab814e4157b172f1a11c46be20179fcc9bea043e0fba36bc0acaa2"
      url: "https://pub.dev"
    source: hosted
    version: "2.0.15"
  path_provider_android:
    dependency: transitive
    description:
      name: path_provider_android
      sha256: "2cec049d282c7f13c594b4a73976b0b4f2d7a1838a6dd5aaf7bd9719196bee86"
      url: "https://pub.dev"
    source: hosted
    version: "2.0.27"
  path_provider_foundation:
    dependency: transitive
    description:
      name: path_provider_foundation
      sha256: "1995d88ec2948dac43edf8fe58eb434d35d22a2940ecee1a9fefcd62beee6eb3"
      url: "https://pub.dev"
    source: hosted
    version: "2.2.3"
  path_provider_linux:
    dependency: transitive
    description:
      name: path_provider_linux
      sha256: ffbb8cc9ed2c9ec0e4b7a541e56fd79b138e8f47d2fb86815f15358a349b3b57
      url: "https://pub.dev"
    source: hosted
    version: "2.1.11"
  path_provider_platform_interface:
    dependency: transitive
    description:
      name: path_provider_platform_interface
      sha256: "57585299a729335f1298b43245842678cb9f43a6310351b18fb577d6e33165ec"
      url: "https://pub.dev"
    source: hosted
    version: "2.0.6"
  path_provider_windows:
    dependency: transitive
    description:
      name: path_provider_windows
      sha256: "1cb68ba4cd3a795033de62ba1b7b4564dace301f952de6bfb3cd91b202b6ee96"
      url: "https://pub.dev"
    source: hosted
    version: "2.1.7"
  petitparser:
    dependency: transitive
    description:
      name: petitparser
      sha256: cb3798bef7fc021ac45b308f4b51208a152792445cce0448c9a4ba5879dd8750
      url: "https://pub.dev"
    source: hosted
    version: "5.4.0"
  platform:
    dependency: transitive
    description:
      name: platform
      sha256: "4a451831508d7d6ca779f7ac6e212b4023dd5a7d08a27a63da33756410e32b76"
      url: "https://pub.dev"
    source: hosted
    version: "3.1.0"
  plugin_platform_interface:
    dependency: transitive
    description:
      name: plugin_platform_interface
      sha256: "6a2128648c854906c53fa8e33986fc0247a1116122f9534dd20e3ab9e16a32bc"
      url: "https://pub.dev"
    source: hosted
    version: "2.1.4"
  process:
    dependency: transitive
    description:
      name: process
      sha256: "53fd8db9cec1d37b0574e12f07520d582019cb6c44abf5479a01505099a34a09"
      url: "https://pub.dev"
    source: hosted
    version: "4.2.4"
  pub_semver:
    dependency: transitive
    description:
      name: pub_semver
      sha256: "40d3ab1bbd474c4c2328c91e3a7df8c6dd629b79ece4c4bd04bee496a224fb0c"
      url: "https://pub.dev"
    source: hosted
    version: "2.1.4"
  pub_updater:
    dependency: transitive
    description:
      name: pub_updater
      sha256: "05ae70703e06f7fdeb05f7f02dd680b8aad810e87c756a618f33e1794635115c"
      url: "https://pub.dev"
    source: hosted
    version: "0.3.0"
  rive:
    dependency: "direct main"
    description:
      name: rive
      sha256: ae75a6e9cfbf146630bfb1feba97ee582d935508be6b362e4bd197b9c55a6dd3
      url: "https://pub.dev"
    source: hosted
    version: "0.12.4"
  rive_common:
    dependency: transitive
    description:
      name: rive_common
      sha256: f4e20d0a99c5040c85624a3eb2b0b6b19e614d93a693c3bb25cf6e7bb2d3d6d3
      url: "https://pub.dev"
    source: hosted
    version: "0.2.8"
  rxdart:
    dependency: transitive
    description:
      name: rxdart
      sha256: "0c7c0cedd93788d996e33041ffecda924cc54389199cde4e6a34b440f50044cb"
      url: "https://pub.dev"
    source: hosted
    version: "0.27.7"
  scroll_to_index:
    dependency: "direct main"
    description:
      name: scroll_to_index
      sha256: b707546e7500d9f070d63e5acf74fd437ec7eeeb68d3412ef7b0afada0b4f176
      url: "https://pub.dev"
    source: hosted
    version: "3.0.1"
  sky_engine:
    dependency: transitive
    description: flutter
    source: sdk
    version: "0.0.99"
  source_span:
    dependency: transitive
    description:
      name: source_span
      sha256: "53e943d4206a5e30df338fd4c6e7a077e02254531b138a15aec3bd143c1a8b3c"
      url: "https://pub.dev"
    source: hosted
    version: "1.10.0"
  sqflite:
    dependency: transitive
    description:
      name: sqflite
      sha256: b4d6710e1200e96845747e37338ea8a819a12b51689a3bcf31eff0003b37a0b9
      url: "https://pub.dev"
    source: hosted
    version: "2.2.8+4"
  sqflite_common:
    dependency: transitive
    description:
      name: sqflite_common
      sha256: "8f7603f3f8f126740bc55c4ca2d1027aab4b74a1267a3e31ce51fe40e3b65b8f"
      url: "https://pub.dev"
    source: hosted
    version: "2.4.5+1"
  string_scanner:
    dependency: transitive
    description:
      name: string_scanner
      sha256: "556692adab6cfa87322a115640c11f13cb77b3f076ddcc5d6ae3c20242bedcde"
      url: "https://pub.dev"
    source: hosted
    version: "1.2.0"
  synchronized:
    dependency: transitive
    description:
      name: synchronized
      sha256: "5fcbd27688af6082f5abd611af56ee575342c30e87541d0245f7ff99faa02c60"
      url: "https://pub.dev"
    source: hosted
    version: "3.1.0"
  term_glyph:
    dependency: transitive
    description:
      name: term_glyph
      sha256: a29248a84fbb7c79282b40b8c72a1209db169a2e0542bce341da992fe1bc7e84
      url: "https://pub.dev"
    source: hosted
    version: "1.2.1"
  typed_data:
    dependency: transitive
    description:
      name: typed_data
      sha256: facc8d6582f16042dd49f2463ff1bd6e2c9ef9f3d5da3d9b087e244a7b564b3c
      url: "https://pub.dev"
    source: hosted
    version: "1.3.2"
  url_launcher:
    dependency: "direct main"
    description:
      name: url_launcher
      sha256: e9aa5ea75c84cf46b3db4eea212523591211c3cf2e13099ee4ec147f54201c86
      url: "https://pub.dev"
    source: hosted
    version: "6.2.2"
  url_launcher_android:
    dependency: transitive
    description:
      name: url_launcher_android
      sha256: "31222ffb0063171b526d3e569079cf1f8b294075ba323443fdc690842bfd4def"
      url: "https://pub.dev"
    source: hosted
    version: "6.2.0"
  url_launcher_ios:
    dependency: transitive
    description:
      name: url_launcher_ios
      sha256: "4ac97281cf60e2e8c5cc703b2b28528f9b50c8f7cebc71df6bdf0845f647268a"
      url: "https://pub.dev"
    source: hosted
    version: "6.2.0"
  url_launcher_linux:
    dependency: transitive
    description:
      name: url_launcher_linux
      sha256: "9f2d390e096fdbe1e6e6256f97851e51afc2d9c423d3432f1d6a02a8a9a8b9fd"
      url: "https://pub.dev"
    source: hosted
    version: "3.1.0"
  url_launcher_macos:
    dependency: transitive
    description:
      name: url_launcher_macos
      sha256: b7244901ea3cf489c5335bdacda07264a6e960b1c1b1a9f91e4bc371d9e68234
      url: "https://pub.dev"
    source: hosted
    version: "3.1.0"
  url_launcher_platform_interface:
    dependency: transitive
    description:
      name: url_launcher_platform_interface
      sha256: "980e8d9af422f477be6948bdfb68df8433be71f5743a188968b0c1b887807e50"
      url: "https://pub.dev"
    source: hosted
    version: "2.2.0"
  url_launcher_web:
    dependency: transitive
    description:
      name: url_launcher_web
      sha256: "7fd2f55fe86cea2897b963e864dc01a7eb0719ecc65fcef4c1cc3d686d718bb2"
      url: "https://pub.dev"
    source: hosted
    version: "2.2.0"
  url_launcher_windows:
    dependency: transitive
    description:
      name: url_launcher_windows
      sha256: "7754a1ad30ee896b265f8d14078b0513a4dba28d358eabb9d5f339886f4a1adc"
      url: "https://pub.dev"
    source: hosted
    version: "3.1.0"
  uuid:
    dependency: transitive
    description:
      name: uuid
      sha256: "648e103079f7c64a36dc7d39369cabb358d377078a051d6ae2ad3aa539519313"
      url: "https://pub.dev"
    source: hosted
    version: "3.0.7"
  vector_math:
    dependency: transitive
    description:
      name: vector_math
      sha256: "80b3257d1492ce4d091729e3a67a60407d227c27241d6927be0130c98e741803"
      url: "https://pub.dev"
    source: hosted
    version: "2.1.4"
  watcher:
    dependency: transitive
    description:
      name: watcher
      sha256: "3d2ad6751b3c16cf07c7fca317a1413b3f26530319181b37e3b9039b84fc01d8"
      url: "https://pub.dev"
    source: hosted
    version: "1.1.0"
  web:
    dependency: transitive
    description:
      name: web
      sha256: afe077240a270dcfd2aafe77602b4113645af95d0ad31128cc02bce5ac5d5152
      url: "https://pub.dev"
    source: hosted
    version: "0.3.0"
  win32:
    dependency: transitive
    description:
      name: win32
      sha256: "7dacfda1edcca378031db9905ad7d7bd56b29fd1a90b0908b71a52a12c41e36b"
      url: "https://pub.dev"
    source: hosted
    version: "5.0.3"
  xdg_directories:
    dependency: transitive
    description:
      name: xdg_directories
      sha256: ee1505df1426458f7f60aac270645098d318a8b4766d85fde75f76f2e21807d1
      url: "https://pub.dev"
    source: hosted
    version: "1.0.0"
  xml:
    dependency: transitive
    description:
      name: xml
      sha256: "5bc72e1e45e941d825fd7468b9b4cc3b9327942649aeb6fc5cdbf135f0a86e84"
      url: "https://pub.dev"
    source: hosted
    version: "6.3.0"
  yaml:
    dependency: transitive
    description:
      name: yaml
      sha256: "75769501ea3489fca56601ff33454fe45507ea3bfb014161abc3b43ae25989d5"
      url: "https://pub.dev"
    source: hosted
    version: "3.1.2"
sdks:
  dart: ">=3.0.0 <4.0.0"
  flutter: ">=3.10.0"
